Microsoft Visual Studio Solution File, Format Version 12.00
# Visual Studio Version 17
VisualStudioVersion = 17.5.2.0
MinimumVisualStudioVersion = 10.0.40219.1
Project("{FAE04EC0-301F-11D3-BF4B-00C04F79EFBC}") = "S3StorageAPI", "S3StorageAPI.csproj", "{11FE6635-2E21-01DC-187E-24B8D655E045}"
EndProject
Global
	GlobalSection(SolutionConfigurationPlatforms) = preSolution
		Debug|Any CPU = Debug|Any CPU
		Release|Any CPU = Release|Any CPU
	EndGlobalSection
	GlobalSection(ProjectConfigurationPlatforms) = postSolution
		{11FE6635-2E21-01DC-187E-24B8D655E045}.Debug|Any CPU.ActiveCfg = Debug|Any CPU
		{11FE6635-2E21-01DC-187E-24B8D655E045}.Debug|Any CPU.Build.0 = Debug|Any CPU
		{11FE6635-2E21-01DC-187E-24B8D655E045}.Release|Any CPU.ActiveCfg = Release|Any CPU
		{11FE6635-2E21-01DC-187E-24B8D655E045}.Release|Any CPU.Build.0 = Release|Any CPU
	EndGlobalSection
	GlobalSection(SolutionProperties) = preSolution
		HideSolutionNode = FALSE
	EndGlobalSection
	GlobalSection(ExtensibilityGlobals) = postSolution
		SolutionGuid = {382C028C-4237-449B-8298-6B7519BA6042}
	EndGlobalSection
EndGlobal
